
Microsoft Visual Studio Solution File, Format Version 12.00
# Visual Studio Version 17
VisualStudioVersion = 17.8.34330.188
MinimumVisualStudioVersion = 10.0.40219.1
Project("{FAE04EC0-301F-11D3-BF4B-00C04F79EFBC}") = "inventory-management-service", "inventory-management-service.csproj", "{0193D340-0469-4EA4-B92D-59371CC39798}"
EndProject
Global
	GlobalSection(SolutionConfigurationPlatforms) = preSolution
		Debug|Any CPU = Debug|Any CPU
		Release|Any CPU = Release|Any CPU
	EndGlobalSection
	GlobalSection(ProjectConfigurationPlatforms) = postSolution
		{0193D340-0469-4EA4-B92D-59371CC39798}.Debug|Any CPU.ActiveCfg = Debug|Any CPU
		{0193D340-0469-4EA4-B92D-59371CC39798}.Debug|Any CPU.Build.0 = Debug|Any CPU
		{0193D340-0469-4EA4-B92D-59371CC39798}.Release|Any CPU.ActiveCfg = Release|Any CPU
		{0193D340-0469-4EA4-B92D-59371CC39798}.Release|Any CPU.Build.0 = Release|Any CPU
	EndGlobalSection
	GlobalSection(SolutionProperties) = preSolution
		HideSolutionNode = FALSE
	EndGlobalSection
	GlobalSection(ExtensibilityGlobals) = postSolution
		SolutionGuid = {79663453-4A5D-4067-B13D-6F22060534AA}
	EndGlobalSection
EndGlobal
